
Microsoft Visual Studio Solution File, Format Version 12.00
# Visual Studio Version 16
VisualStudioVersion = 16.0.32126.315
MinimumVisualStudioVersion = 10.0.40219.1
Project("{FAE04EC0-301F-11D3-BF4B-00C04F79EFBC}") = "Lab10", "Lab10\Lab10.csproj", "{5AFA1EAE-CB43-489B-B0D5-133E12A2C409}"
EndProject
Global
	GlobalSection(SolutionConfigurationPlatforms) = preSolution
		Debug|Any CPU = Debug|Any CPU
		Release|Any CPU = Release|Any CPU
	EndGlobalSection
	GlobalSection(ProjectConfigurationPlatforms) = postSolution
		{5AFA1EAE-CB43-489B-B0D5-133E12A2C409}.Debug|Any CPU.ActiveCfg = Debug|Any CPU
		{5AFA1EAE-CB43-489B-B0D5-133E12A2C409}.Debug|Any CPU.Build.0 = Debug|Any CPU
		{5AFA1EAE-CB43-489B-B0D5-133E12A2C409}.Release|Any CPU.ActiveCfg = Release|Any CPU
		{5AFA1EAE-CB43-489B-B0D5-133E12A2C409}.Release|Any CPU.Build.0 = Release|Any CPU
	EndGlobalSection
	GlobalSection(SolutionProperties) = preSolution
		HideSolutionNode = FALSE
	EndGlobalSection
	GlobalSection(ExtensibilityGlobals) = postSolution
		SolutionGuid = {8674D8A3-D731-4532-AD44-5D48D17D7EFE}
	EndGlobalSection
EndGlobal
