
Microsoft Visual Studio Solution File, Format Version 12.00
# Visual Studio Version 16
VisualStudioVersion = 16.0.32126.315
MinimumVisualStudioVersion = 10.0.40219.1
Project("{FAE04EC0-301F-11D3-BF4B-00C04F79EFBC}") = "Lab11", "Lab11\Lab11.csproj", "{A3C6EB3E-1E0A-445D-88DA-B5A13FFBFD37}"
EndProject
Global
	GlobalSection(SolutionConfigurationPlatforms) = preSolution
		Debug|Any CPU = Debug|Any CPU
		Release|Any CPU = Release|Any CPU
	EndGlobalSection
	GlobalSection(ProjectConfigurationPlatforms) = postSolution
		{A3C6EB3E-1E0A-445D-88DA-B5A13FFBFD37}.Debug|Any CPU.ActiveCfg = Debug|Any CPU
		{A3C6EB3E-1E0A-445D-88DA-B5A13FFBFD37}.Debug|Any CPU.Build.0 = Debug|Any CPU
		{A3C6EB3E-1E0A-445D-88DA-B5A13FFBFD37}.Release|Any CPU.ActiveCfg = Release|Any CPU
		{A3C6EB3E-1E0A-445D-88DA-B5A13FFBFD37}.Release|Any CPU.Build.0 = Release|Any CPU
	EndGlobalSection
	GlobalSection(SolutionProperties) = preSolution
		HideSolutionNode = FALSE
	EndGlobalSection
	GlobalSection(ExtensibilityGlobals) = postSolution
		SolutionGuid = {14273225-47C0-4762-A3D5-ABA48DBC0B27}
	EndGlobalSection
EndGlobal
