
Microsoft Visual Studio Solution File, Format Version 12.00
# Visual Studio Version 16
VisualStudioVersion = 16.0.32126.315
MinimumVisualStudioVersion = 10.0.40219.1
Project("{FAE04EC0-301F-11D3-BF4B-00C04F79EFBC}") = "Lab04", "Lab04\Lab04.csproj", "{8E769887-23ED-408F-9363-025A78599DD5}"
EndProject
Global
	GlobalSection(SolutionConfigurationPlatforms) = preSolution
		Debug|Any CPU = Debug|Any CPU
		Release|Any CPU = Release|Any CPU
	EndGlobalSection
	GlobalSection(ProjectConfigurationPlatforms) = postSolution
		{8E769887-23ED-408F-9363-025A78599DD5}.Debug|Any CPU.ActiveCfg = Debug|Any CPU
		{8E769887-23ED-408F-9363-025A78599DD5}.Debug|Any CPU.Build.0 = Debug|Any CPU
		{8E769887-23ED-408F-9363-025A78599DD5}.Release|Any CPU.ActiveCfg = Release|Any CPU
		{8E769887-23ED-408F-9363-025A78599DD5}.Release|Any CPU.Build.0 = Release|Any CPU
	EndGlobalSection
	GlobalSection(SolutionProperties) = preSolution
		HideSolutionNode = FALSE
	EndGlobalSection
	GlobalSection(ExtensibilityGlobals) = postSolution
		SolutionGuid = {302B5479-E938-4C70-9933-FBBCA0303152}
	EndGlobalSection
EndGlobal
