
Microsoft Visual Studio Solution File, Format Version 12.00
# Visual Studio Version 16
VisualStudioVersion = 16.0.32126.315
MinimumVisualStudioVersion = 10.0.40219.1
Project("{FAE04EC0-301F-11D3-BF4B-00C04F79EFBC}") = "Lab12", "Lab12\Lab12.csproj", "{73CBF054-023F-420D-94E4-CA8CE58C1CA2}"
EndProject
Global
	GlobalSection(SolutionConfigurationPlatforms) = preSolution
		Debug|Any CPU = Debug|Any CPU
		Release|Any CPU = Release|Any CPU
	EndGlobalSection
	GlobalSection(ProjectConfigurationPlatforms) = postSolution
		{73CBF054-023F-420D-94E4-CA8CE58C1CA2}.Debug|Any CPU.ActiveCfg = Debug|Any CPU
		{73CBF054-023F-420D-94E4-CA8CE58C1CA2}.Debug|Any CPU.Build.0 = Debug|Any CPU
		{73CBF054-023F-420D-94E4-CA8CE58C1CA2}.Release|Any CPU.ActiveCfg = Release|Any CPU
		{73CBF054-023F-420D-94E4-CA8CE58C1CA2}.Release|Any CPU.Build.0 = Release|Any CPU
	EndGlobalSection
	GlobalSection(SolutionProperties) = preSolution
		HideSolutionNode = FALSE
	EndGlobalSection
	GlobalSection(ExtensibilityGlobals) = postSolution
		SolutionGuid = {4D91CE4A-DDBB-46F0-89A5-704CF51CBD3A}
	EndGlobalSection
EndGlobal
