
Microsoft Visual Studio Solution File, Format Version 12.00
# Visual Studio Version 16
VisualStudioVersion = 16.0.32126.315
MinimumVisualStudioVersion = 10.0.40219.1
Project("{FAE04EC0-301F-11D3-BF4B-00C04F79EFBC}") = "Lab13", "Lab13\Lab13.csproj", "{6A4506B4-44A1-4F75-87B4-31B0B5179FCE}"
EndProject
Project("{FAE04EC0-301F-11D3-BF4B-00C04F79EFBC}") = "Client", "Client\Client.csproj", "{046D5021-050E-4464-88A2-9C1B210996F1}"
EndProject
Project("{FAE04EC0-301F-11D3-BF4B-00C04F79EFBC}") = "Server", "Server\Server.csproj", "{77F1D9EF-CE44-41E7-8F16-AF050652B3C3}"
EndProject
Global
	GlobalSection(SolutionConfigurationPlatforms) = preSolution
		Debug|Any CPU = Debug|Any CPU
		Release|Any CPU = Release|Any CPU
	EndGlobalSection
	GlobalSection(ProjectConfigurationPlatforms) = postSolution
		{6A4506B4-44A1-4F75-87B4-31B0B5179FCE}.Debug|Any CPU.ActiveCfg = Debug|Any CPU
		{6A4506B4-44A1-4F75-87B4-31B0B5179FCE}.Debug|Any CPU.Build.0 = Debug|Any CPU
		{6A4506B4-44A1-4F75-87B4-31B0B5179FCE}.Release|Any CPU.ActiveCfg = Release|Any CPU
		{6A4506B4-44A1-4F75-87B4-31B0B5179FCE}.Release|Any CPU.Build.0 = Release|Any CPU
		{046D5021-050E-4464-88A2-9C1B210996F1}.Debug|Any CPU.ActiveCfg = Debug|Any CPU
		{046D5021-050E-4464-88A2-9C1B210996F1}.Debug|Any CPU.Build.0 = Debug|Any CPU
		{046D5021-050E-4464-88A2-9C1B210996F1}.Release|Any CPU.ActiveCfg = Release|Any CPU
		{046D5021-050E-4464-88A2-9C1B210996F1}.Release|Any CPU.Build.0 = Release|Any CPU
		{77F1D9EF-CE44-41E7-8F16-AF050652B3C3}.Debug|Any CPU.ActiveCfg = Debug|Any CPU
		{77F1D9EF-CE44-41E7-8F16-AF050652B3C3}.Debug|Any CPU.Build.0 = Debug|Any CPU
		{77F1D9EF-CE44-41E7-8F16-AF050652B3C3}.Release|Any CPU.ActiveCfg = Release|Any CPU
		{77F1D9EF-CE44-41E7-8F16-AF050652B3C3}.Release|Any CPU.Build.0 = Release|Any CPU
	EndGlobalSection
	GlobalSection(SolutionProperties) = preSolution
		HideSolutionNode = FALSE
	EndGlobalSection
	GlobalSection(ExtensibilityGlobals) = postSolution
		SolutionGuid = {9F77D650-A489-47B9-B9A1-0C0C888AF0BA}
	EndGlobalSection
EndGlobal
