
Microsoft Visual Studio Solution File, Format Version 12.00
# Visual Studio Version 16
VisualStudioVersion = 16.0.32126.315
MinimumVisualStudioVersion = 10.0.40219.1
Project("{FAE04EC0-301F-11D3-BF4B-00C04F79EFBC}") = "Lab06", "Lab06\Lab06.csproj", "{9BB0D147-6DF5-4532-9E52-309DF9FD3C08}"
EndProject
Global
	GlobalSection(SolutionConfigurationPlatforms) = preSolution
		Debug|Any CPU = Debug|Any CPU
		Release|Any CPU = Release|Any CPU
	EndGlobalSection
	GlobalSection(ProjectConfigurationPlatforms) = postSolution
		{9BB0D147-6DF5-4532-9E52-309DF9FD3C08}.Debug|Any CPU.ActiveCfg = Debug|Any CPU
		{9BB0D147-6DF5-4532-9E52-309DF9FD3C08}.Debug|Any CPU.Build.0 = Debug|Any CPU
		{9BB0D147-6DF5-4532-9E52-309DF9FD3C08}.Release|Any CPU.ActiveCfg = Release|Any CPU
		{9BB0D147-6DF5-4532-9E52-309DF9FD3C08}.Release|Any CPU.Build.0 = Release|Any CPU
	EndGlobalSection
	GlobalSection(SolutionProperties) = preSolution
		HideSolutionNode = FALSE
	EndGlobalSection
	GlobalSection(ExtensibilityGlobals) = postSolution
		SolutionGuid = {DACA5F08-E988-4427-8AAD-B23E17B62083}
	EndGlobalSection
EndGlobal
